// !$*UTF8*$!
{
	archiveVersion = 1;
	classes = {
	};
	objectVersion = 55;
	objects = {

/* Begin PBXBuildFile section */
		69C193AC28D41AB300F3E746 /* AssignmentWeekOneApp.swift in Sources */ = {isa = PBXBuildFile; fileRef = 69C193AB28D41AB300F3E746 /* AssignmentWeekOneApp.swift */; };
		69C193AE28D41AB300F3E746 /* ContentView.swift in Sources */ = {isa = PBXBuildFile; fileRef = 69C193AD28D41AB300F3E746 /* ContentView.swift */; };
		69C193B028D41AB400F3E746 /* Assets.xcassets in Resources */ = {isa = PBXBuildFile; fileRef = 69C193AF28D41AB400F3E746 /* Assets.xcassets */; };
		69C193B328D41AB400F3E746 /* Preview Assets.xcassets in Resources */ = {isa = PBXBuildFile; fileRef = 69C193B228D41AB400F3E746 /* Preview Assets.xcassets */; };
		69C193BD28D41AB500F3E746 /* AssignmentWeekOneTests.swift in Sources */ = {isa = PBXBuildFile; fileRef = 69C193BC28D41AB500F3E746 /* AssignmentWeekOneTests.swift */; };
		69C193C728D41AB500F3E746 /* AssignmentWeekOneUITests.swift in Sources */ = {isa = PBXBuildFile; fileRef = 69C193C628D41AB500F3E746 /* AssignmentWeekOneUITests.swift */; };
		69C193C928D41AB500F3E746 /* AssignmentWeekOneUITestsLaunchTests.swift in Sources */ = {isa = PBXBuildFile; fileRef = 69C193C828D41AB500F3E746 /* AssignmentWeekOneUITestsLaunchTests.swift */; };
		69C193DA28D41C8200F3E746 /* Launch Screen.storyboard in Resources */ = {isa = PBXBuildFile; fileRef = 69C193D928D41C8200F3E746 /* Launch Screen.storyboard */; };
		69CB1EC728D4268500813432 /* Movies.swift in Sources */ = {isa = PBXBuildFile; fileRef = 69CB1EC628D4268500813432 /* Movies.swift */; };
		69CB1EC928D4482E00813432 /* readme.md in Resources */ = {isa = PBXBuildFile; fileRef = 69CB1EC828D4482E00813432 /* readme.md */; };
/* End PBXBuildFile section */

/* Begin PBXContainerItemProxy section */
		69C193B928D41AB500F3E746 /* PBXContainerItemProxy */ = {
			isa = PBXContainerItemProxy;
			containerPortal = 69C193A028D41AB200F3E746 /* Project object */;
			proxyType = 1;
			remoteGlobalIDString = 69C193A728D41AB300F3E746;
			remoteInfo = AssignmentWeekOne;
		};
		69C193C328D41AB500F3E746 /* PBXContainerItemProxy */ = {
			isa = PBXContainerItemProxy;
			containerPortal = 69C193A028D41AB200F3E746 /* Project object */;
			proxyType = 1;
			remoteGlobalIDString = 69C193A728D41AB300F3E746;
			remoteInfo = AssignmentWeekOne;
		};
/* End PBXContainerItemProxy section */

/* Begin PBXFileReference section */
		69C193A828D41AB300F3E746 /* AssignmentWeekOne.app */ = {isa = PBXFileReference; explicitFileType = wrapper.application; includeInIndex = 0; path = AssignmentWeekOne.app; sourceTree = BUILT_PRODUCTS_DIR; };
		69C193AB28D41AB300F3E746 /* AssignmentWeekOneApp.swift */ = {isa = PBXFileReference; lastKnownFileType = sourcecode.swift; path = AssignmentWeekOneApp.swift; sourceTree = "<group>"; };
		69C193AD28D41AB300F3E746 /* ContentView.swift */ = {isa = PBXFileReference; lastKnownFileType = sourcecode.swift; path = ContentView.swift; sourceTree = "<group>"; };
		69C193AF28D41AB400F3E746 /* Assets.xcassets */ = {isa = PBXFileReference; lastKnownFileType = folder.assetcatalog; path = Assets.xcassets; sourceTree = "<group>"; };
		69C193B228D41AB400F3E746 /* Preview Assets.xcassets */ = {isa = PBXFileReference; lastKnownFileType = folder.assetcatalog; path = "Preview Assets.xcassets"; sourceTree = "<group>"; };
		69C193B828D41AB500F3E746 /* AssignmentWeekOneTests.xctest */ = {isa = PBXFileReference; explicitFileType = wrapper.cfbundle; includeInIndex = 0; path = AssignmentWeekOneTests.xctest; sourceTree = BUILT_PRODUCTS_DIR; };
		69C193BC28D41AB500F3E746 /* AssignmentWeekOneTests.swift */ = {isa = PBXFileReference; lastKnownFileType = sourcecode.swift; path = AssignmentWeekOneTests.swift; sourceTree = "<group>"; };
		69C193C228D41AB500F3E746 /* AssignmentWeekOneUITests.xctest */ = {isa = PBXFileReference; explicitFileType = wrapper.cfbundle; includeInIndex = 0; path = AssignmentWeekOneUITests.xctest; sourceTree = BUILT_PRODUCTS_DIR; };
		69C193C628D41AB500F3E746 /* AssignmentWeekOneUITests.swift */ = {isa = PBXFileReference; lastKnownFileType = sourcecode.swift; path = AssignmentWeekOneUITests.swift; sourceTree = "<group>"; };
		69C193C828D41AB500F3E746 /* AssignmentWeekOneUITestsLaunchTests.swift */ = {isa = PBXFileReference; lastKnownFileType = sourcecode.swift; path = AssignmentWeekOneUITestsLaunchTests.swift; sourceTree = "<group>"; };
		69C193D928D41C8200F3E746 /* Launch Screen.storyboard */ = {isa = PBXFileReference; lastKnownFileType = file.storyboard; path = "Launch Screen.storyboard"; sourceTree = "<group>"; };
		69CB1EC628D4268500813432 /* Movies.swift */ = {isa = PBXFileReference; lastKnownFileType = sourcecode.swift; path = Movies.swift; sourceTree = "<group>"; };
		69CB1EC828D4482E00813432 /* readme.md */ = {isa = PBXFileReference; fileEncoding = 4; lastKnownFileType = net.daringfireball.markdown; path = readme.md; sourceTree = SOURCE_ROOT; };
/* End PBXFileReference section */

/* Begin PBXFrameworksBuildPhase section */
		69C193A528D41AB300F3E746 /* Frameworks */ = {
			isa = PBXFrameworksBuildPhase;
			buildActionMask = 2147483647;
			files = (
			);
			runOnlyForDeploymentPostprocessing = 0;
		};
		69C193B528D41AB500F3E746 /* Frameworks */ = {
			isa = PBXFrameworksBuildPhase;
			buildActionMask = 2147483647;
			files = (
			);
			runOnlyForDeploymentPostprocessing = 0;
		};
		69C193BF28D41AB500F3E746 /* Frameworks */ = {
			isa = PBXFrameworksBuildPhase;
			buildActionMask = 2147483647;
			files = (
			);
			runOnlyForDeploymentPostprocessing = 0;
		};
/* End PBXFrameworksBuildPhase section */

/* Begin PBXGroup section */
		69C1939F28D41AB200F3E746 = {
			isa = PBXGroup;
			children = (
				69CB1EC828D4482E00813432 /* readme.md */,
				69C193AA28D41AB300F3E746 /* AssignmentWeekOne */,
				69C193BB28D41AB500F3E746 /* AssignmentWeekOneTests */,
				69C193C528D41AB500F3E746 /* AssignmentWeekOneUITests */,
				69C193A928D41AB300F3E746 /* Products */,
			);
			sourceTree = "<group>";
		};
		69C193A928D41AB300F3E746 /* Products */ = {
			isa = PBXGroup;
			children = (
				69C193A828D41AB300F3E746 /* AssignmentWeekOne.app */,
				69C193B828D41AB500F3E746 /* AssignmentWeekOneTests.xctest */,
				69C193C228D41AB500F3E746 /* AssignmentWeekOneUITests.xctest */,
			);
			name = Products;
			sourceTree = "<group>";
		};
		69C193AA28D41AB300F3E746 /* AssignmentWeekOne */ = {
			isa = PBXGroup;
			children = (
				69C193AB28D41AB300F3E746 /* AssignmentWeekOneApp.swift */,
				69C193AD28D41AB300F3E746 /* ContentView.swift */,
				69C193AF28D41AB400F3E746 /* Assets.xcassets */,
				69C193B128D41AB400F3E746 /* Preview Content */,
				69C193D928D41C8200F3E746 /* Launch Screen.storyboard */,
				69CB1EC628D4268500813432 /* Movies.swift */,
			);
			path = AssignmentWeekOne;
			sourceTree = "<group>";
		};
		69C193B128D41AB400F3E746 /* Preview Content */ = {
			isa = PBXGroup;
			children = (
				69C193B228D41AB400F3E746 /* Preview Assets.xcassets */,
			);
			path = "Preview Content";
			sourceTree = "<group>";
		};
		69C193BB28D41AB500F3E746 /* AssignmentWeekOneTests */ = {
			isa = PBXGroup;
			children = (
				69C193BC28D41AB500F3E746 /* AssignmentWeekOneTests.swift */,
			);
			path = AssignmentWeekOneTests;
			sourceTree = "<group>";
		};
		69C193C528D41AB500F3E746 /* AssignmentWeekOneUITests */ = {
			isa = PBXGroup;
			children = (
				69C193C628D41AB500F3E746 /* AssignmentWeekOneUITests.swift */,
				69C193C828D41AB500F3E746 /* AssignmentWeekOneUITestsLaunchTests.swift */,
			);
			path = AssignmentWeekOneUITests;
			sourceTree = "<group>";
		};
/* End PBXGroup section */

/* Begin PBXNativeTarget section */
		69C193A728D41AB300F3E746 /* AssignmentWeekOne */ = {
			isa = PBXNativeTarget;
			buildConfigurationList = 69C193CC28D41AB500F3E746 /* Build configuration list for PBXNativeTarget "AssignmentWeekOne" */;
			buildPhases = (
				69C193A428D41AB300F3E746 /* Sources */,
				69C193A528D41AB300F3E746 /* Frameworks */,
				69C193A628D41AB300F3E746 /* Resources */,
			);
			buildRules = (
			);
			dependencies = (
			);
			name = AssignmentWeekOne;
			productName = AssignmentWeekOne;
			productReference = 69C193A828D41AB300F3E746 /* AssignmentWeekOne.app */;
			productType = "com.apple.product-type.application";
		};
		69C193B728D41AB500F3E746 /* AssignmentWeekOneTests */ = {
			isa = PBXNativeTarget;
			buildConfigurationList = 69C193CF28D41AB500F3E746 /* Build configuration list for PBXNativeTarget "AssignmentWeekOneTests" */;
			buildPhases = (
				69C193B428D41AB500F3E746 /* Sources */,
				69C193B528D41AB500F3E746 /* Frameworks */,
				69C193B628D41AB500F3E746 /* Resources */,
			);
			buildRules = (
			);
			dependencies = (
				69C193BA28D41AB500F3E746 /* PBXTargetDependency */,
			);
			name = AssignmentWeekOneTests;
			productName = AssignmentWeekOneTests;
			productReference = 69C193B828D41AB500F3E746 /* AssignmentWeekOneTests.xctest */;
			productType = "com.apple.product-type.bundle.unit-test";
		};
		69C193C128D41AB500F3E746 /* AssignmentWeekOneUITests */ = {
			isa = PBXNativeTarget;
			buildConfigurationList = 69C193D228D41AB500F3E746 /* Build configuration list for PBXNativeTarget "AssignmentWeekOneUITests" */;
			buildPhases = (
				69C193BE28D41AB500F3E746 /* Sources */,
				69C193BF28D41AB500F3E746 /* Frameworks */,
				69C193C028D41AB500F3E746 /* Resources */,
			);
			buildRules = (
			);
			dependencies = (
				69C193C428D41AB500F3E746 /* PBXTargetDependency */,
			);
			name = AssignmentWeekOneUITests;
			productName = AssignmentWeekOneUITests;
			productReference = 69C193C228D41AB500F3E746 /* AssignmentWeekOneUITests.xctest */;
			productType = "com.apple.product-type.bundle.ui-testing";
		};
/* End PBXNativeTarget section */

/* Begin PBXProject section */
		69C193A028D41AB200F3E746 /* Project object */ = {
			isa = PBXProject;
			attributes = {
				BuildIndependentTargetsInParallel = 1;
				LastSwiftUpdateCheck = 1340;
				LastUpgradeCheck = 1340;
				TargetAttributes = {
					69C193A728D41AB300F3E746 = {
						CreatedOnToolsVersion = 13.4.1;
					};
					69C193B728D41AB500F3E746 = {
						CreatedOnToolsVersion = 13.4.1;
						TestTargetID = 69C193A728D41AB300F3E746;
					};
					69C193C128D41AB500F3E746 = {
						CreatedOnToolsVersion = 13.4.1;
						TestTargetID = 69C193A728D41AB300F3E746;
					};
				};
			};
			buildConfigurationList = 69C193A328D41AB200F3E746 /* Build configuration list for PBXProject "AssignmentWeekOne" */;
			compatibilityVersion = "Xcode 13.0";
			developmentRegion = en;
			hasScannedForEncodings = 0;
			knownRegions = (
				en,
				Base,
			);
			mainGroup = 69C1939F28D41AB200F3E746;
			productRefGroup = 69C193A928D41AB300F3E746 /* Products */;
			projectDirPath = "";
			projectRoot = "";
			targets = (
				69C193A728D41AB300F3E746 /* AssignmentWeekOne */,
				69C193B728D41AB500F3E746 /* AssignmentWeekOneTests */,
				69C193C128D41AB500F3E746 /* AssignmentWeekOneUITests */,
			);
		};
/* End PBXProject section */

/* Begin PBXResourcesBuildPhase section */
		69C193A628D41AB300F3E746 /* Resources */ = {
			isa = PBXResourcesBuildPhase;
			buildActionMask = 2147483647;
			files = (
				69C193DA28D41C8200F3E746 /* Launch Screen.storyboard in Resources */,
				69C193B328D41AB400F3E746 /* Preview Assets.xcassets in Resources */,
				69C193B028D41AB400F3E746 /* Assets.xcassets in Resources */,
				69CB1EC928D4482E00813432 /* readme.md in Resources */,
			);
			runOnlyForDeploymentPostprocessing = 0;
		};
		69C193B628D41AB500F3E746 /* Resources */ = {
			isa = PBXResourcesBuildPhase;
			buildActionMask = 2147483647;
			files = (
			);
			runOnlyForDeploymentPostprocessing = 0;
		};
		69C193C028D41AB500F3E746 /* Resources */ = {
			isa = PBXResourcesBuildPhase;
			buildActionMask = 2147483647;
			files = (
			);
			runOnlyForDeploymentPostprocessing = 0;
		};
/* End PBXResourcesBuildPhase section */

/* Begin PBXSourcesBuildPhase section */
		69C193A428D41AB300F3E746 /* Sources */ = {
			isa = PBXSourcesBuildPhase;
			buildActionMask = 2147483647;
			files = (
				69C193AE28D41AB300F3E746 /* ContentView.swift in Sources */,
				69C193AC28D41AB300F3E746 /* AssignmentWeekOneApp.swift in Sources */,
				69CB1EC728D4268500813432 /* Movies.swift in Sources */,
			);
			runOnlyForDeploymentPostprocessing = 0;
		};
		69C193B428D41AB500F3E746 /* Sources */ = {
			isa = PBXSourcesBuildPhase;
			buildActionMask = 2147483647;
			files = (
				69C193BD28D41AB500F3E746 /* AssignmentWeekOneTests.swift in Sources */,
			);
			runOnlyForDeploymentPostprocessing = 0;
		};
		69C193BE28D41AB500F3E746 /* Sources */ = {
			isa = PBXSourcesBuildPhase;
			buildActionMask = 2147483647;
			files = (
				69C193C928D41AB500F3E746 /* AssignmentWeekOneUITestsLaunchTests.swift in Sources */,
				69C193C728D41AB500F3E746 /* AssignmentWeekOneUITests.swift in Sources */,
			);
			runOnlyForDeploymentPostprocessing = 0;
		};
/* End PBXSourcesBuildPhase section */

/* Begin PBXTargetDependency section */
		69C193BA28D41AB500F3E746 /* PBXTargetDependency */ = {
			isa = PBXTargetDependency;
			target = 69C193A728D41AB300F3E746 /* AssignmentWeekOne */;
			targetProxy = 69C193B928D41AB500F3E746 /* PBXContainerItemProxy */;
		};
		69C193C428D41AB500F3E746 /* PBXTargetDependency */ = {
			isa = PBXTargetDependency;
			target = 69C193A728D41AB300F3E746 /* AssignmentWeekOne */;
			targetProxy = 69C193C328D41AB500F3E746 /* PBXContainerItemProxy */;
		};
/* End PBXTargetDependency section */

/* Begin XCBuildConfiguration section */
		69C193CA28D41AB500F3E746 /* Debug */ = {
			isa = XCBuildConfiguration;
			buildSettings = {
				ALWAYS_SEARCH_USER_PATHS = NO;
				CLANG_ANALYZER_NONNULL = YES;
				CLANG_ANALYZER_NUMBER_OBJECT_CONVERSION = YES_AGGRESSIVE;
				CLANG_CXX_LANGUAGE_STANDARD = "gnu++17";
				CLANG_ENABLE_MODULES = YES;
				CLANG_ENABLE_OBJC_ARC = YES;
				CLANG_ENABLE_OBJC_WEAK = YES;
				CLANG_WARN_BLOCK_CAPTURE_AUTORELEASING = YES;
				CLANG_WARN_BOOL_CONVERSION = YES;
				CLANG_WARN_COMMA = YES;
				CLANG_WARN_CONSTANT_CONVERSION = YES;
				CLANG_WARN_DEPRECATED_OBJC_IMPLEMENTATIONS = YES;
				CLANG_WARN_DIRECT_OBJC_ISA_USAGE = YES_ERROR;
				CLANG_WARN_DOCUMENTATION_COMMENTS = YES;
				CLANG_WARN_EMPTY_BODY = YES;
				CLANG_WARN_ENUM_CONVERSION = YES;
				CLANG_WARN_INFINITE_RECURSION = YES;
				CLANG_WARN_INT_CONVERSION = YES;
				CLANG_WARN_NON_LITERAL_NULL_CONVERSION = YES;
				CLANG_WARN_OBJC_IMPLICIT_RETAIN_SELF = YES;
				CLANG_WARN_OBJC_LITERAL_CONVERSION = YES;
				CLANG_WARN_OBJC_ROOT_CLASS = YES_ERROR;
				CLANG_WARN_QUOTED_INCLUDE_IN_FRAMEWORK_HEADER = YES;
				CLANG_WARN_RANGE_LOOP_ANALYSIS = YES;
				CLANG_WARN_STRICT_PROTOTYPES = YES;
				CLANG_WARN_SUSPICIOUS_MOVE = YES;
				CLANG_WARN_UNGUARDED_AVAILABILITY = YES_AGGRESSIVE;
				CLANG_WARN_UNREACHABLE_CODE = YES;
				CLANG_WARN__DUPLICATE_METHOD_MATCH = YES;
				COPY_PHASE_STRIP = NO;
				DEBUG_INFORMATION_FORMAT = dwarf;
				ENABLE_STRICT_OBJC_MSGSEND = YES;
				ENABLE_TESTABILITY = YES;
				GCC_C_LANGUAGE_STANDARD = gnu11;
				GCC_DYNAMIC_NO_PIC = NO;
				GCC_NO_COMMON_BLOCKS = YES;
				GCC_OPTIMIZATION_LEVEL = 0;
				GCC_PREPROCESSOR_DEFINITIONS = (
					"DEBUG=1",
					"$(inherited)",
				);
				GCC_WARN_64_TO_32_BIT_CONVERSION = YES;
				GCC_WARN_ABOUT_RETURN_TYPE = YES_ERROR;
				GCC_WARN_UNDECLARED_SELECTOR = YES;
				GCC_WARN_UNINITIALIZED_AUTOS = YES_AGGRESSIVE;
				GCC_WARN_UNUSED_FUNCTION = YES;
				GCC_WARN_UNUSED_VARIABLE = YES;
				IPHONEOS_DEPLOYMENT_TARGET = 15.5;
				MTL_ENABLE_DEBUG_INFO = INCLUDE_SOURCE;
				MTL_FAST_MATH = YES;
				ONLY_ACTIVE_ARCH = YES;
				SDKROOT = iphoneos;
				SWIFT_ACTIVE_COMPILATION_CONDITIONS = DEBUG;
				SWIFT_OPTIMIZATION_LEVEL = "-Onone";
			};
			name = Debug;
		};
		69C193CB28D41AB500F3E746 /* Release */ = {
			isa = XCBuildConfiguration;
			buildSettings = {
				ALWAYS_SEARCH_USER_PATHS = NO;
				CLANG_ANALYZER_NONNULL = YES;
				CLANG_ANALYZER_NUMBER_OBJECT_CONVERSION = YES_AGGRESSIVE;
				CLANG_CXX_LANGUAGE_STANDARD = "gnu++17";
				CLANG_ENABLE_MODULES = YES;
				CLANG_ENABLE_OBJC_ARC = YES;
				CLANG_ENABLE_OBJC_WEAK = YES;
				CLANG_WARN_BLOCK_CAPTURE_AUTORELEASING = YES;
				CLANG_WARN_BOOL_CONVERSION = YES;
				CLANG_WARN_COMMA = YES;
				CLANG_WARN_CONSTANT_CONVERSION = YES;
				CLANG_WARN_DEPRECATED_OBJC_IMPLEMENTATIONS = YES;
				CLANG_WARN_DIRECT_OBJC_ISA_USAGE = YES_ERROR;
				CLANG_WARN_DOCUMENTATION_COMMENTS = YES;
				CLANG_WARN_EMPTY_BODY = YES;
				CLANG_WARN_ENUM_CONVERSION = YES;
				CLANG_WARN_INFINITE_RECURSION = YES;
				CLANG_WARN_INT_CONVERSION = YES;
				CLANG_WARN_NON_LITERAL_NULL_CONVERSION = YES;
				CLANG_WARN_OBJC_IMPLICIT_RETAIN_SELF = YES;
				CLANG_WARN_OBJC_LITERAL_CONVERSION = YES;
				CLANG_WARN_OBJC_ROOT_CLASS = YES_ERROR;
				CLANG_WARN_QUOTED_INCLUDE_IN_FRAMEWORK_HEADER = YES;
				CLANG_WARN_RANGE_LOOP_ANALYSIS = YES;
				CLANG_WARN_STRICT_PROTOTYPES = YES;
				CLANG_WARN_SUSPICIOUS_MOVE = YES;
				CLANG_WARN_UNGUARDED_AVAILABILITY = YES_AGGRESSIVE;
				CLANG_WARN_UNREACHABLE_CODE = YES;
				CLANG_WARN__DUPLICATE_METHOD_MATCH = YES;
				COPY_PHASE_STRIP = NO;
				DEBUG_INFORMATION_FORMAT = "dwarf-with-dsym";
				ENABLE_NS_ASSERTIONS = NO;
				ENABLE_STRICT_OBJC_MSGSEND = YES;
				GCC_C_LANGUAGE_STANDARD = gnu11;
				GCC_NO_COMMON_BLOCKS = YES;
				GCC_WARN_64_TO_32_BIT_CONVERSION = YES;
				GCC_WARN_ABOUT_RETURN_TYPE = YES_ERROR;
				GCC_WARN_UNDECLARED_SELECTOR = YES;
				GCC_WARN_UNINITIALIZED_AUTOS = YES_AGGRESSIVE;
				GCC_WARN_UNUSED_FUNCTION = YES;
				GCC_WARN_UNUSED_VARIABLE = YES;
				IPHONEOS_DEPLOYMENT_TARGET = 15.5;
				MTL_ENABLE_DEBUG_INFO = NO;
				MTL_FAST_MATH = YES;
				SDKROOT = iphoneos;
				SWIFT_COMPILATION_MODE = wholemodule;
				SWIFT_OPTIMIZATION_LEVEL = "-O";
				VALIDATE_PRODUCT = YES;
			};
			name = Release;
		};
		69C193CD28D41AB500F3E746 /* Debug */ = {
			isa = XCBuildConfiguration;
			buildSettings = {
				ASSETCATALOG_COMPILER_APPICON_NAME = AppIcon;
				ASSETCATALOG_COMPILER_GLOBAL_ACCENT_COLOR_NAME = AccentColor;
				CODE_SIGN_STYLE = Automatic;
				CURRENT_PROJECT_VERSION = 1;
				DEVELOPMENT_ASSET_PATHS = "\"AssignmentWeekOne/Preview Content\"";
				DEVELOPMENT_TEAM = T4NMHPF637;
				ENABLE_PREVIEWS = YES;
				GENERATE_INFOPLIST_FILE = YES;
				INFOPLIST_FILE = AssignmentWeekOne/Info.plist;
				INFOPLIST_KEY_UIApplicationSceneManifest_Generation = YES;
				INFOPLIST_KEY_UIApplicationSupportsIndirectInputEvents = YES;
				INFOPLIST_KEY_UILaunchStoryboardName = "Launch Screen";
				INFOPLIST_KEY_UISupportedInterfaceOrientations_iPad = "UIInterfaceOrientationPortrait UIInterfaceOrientationPortraitUpsideDown UIInterfaceOrientationLandscapeLeft UIInterfaceOrientationLandscapeRight";
				INFOPLIST_KEY_UISupportedInterfaceOrientations_iPhone = "UIInterfaceOrientationPortrait UIInterfaceOrientationLandscapeLeft UIInterfaceOrientationLandscapeRight";
				IPHONEOS_DEPLOYMENT_TARGET = 15.0;
				LD_RUNPATH_SEARCH_PATHS = (
					"$(inherited)",
					"@executable_path/Frameworks",
				);
				MARKETING_VERSION = 1.0;
				PRODUCT_BUNDLE_IDENTIFIER = "com.orcircle.SwiftUI-Learn";
				PRODUCT_NAME = "$(TARGET_NAME)";
				SWIFT_EMIT_LOC_STRINGS = YES;
				SWIFT_VERSION = 5.0;
				TARGETED_DEVICE_FAMILY = "1,2";
			};
			name = Debug;
		};
		69C193CE28D41AB500F3E746 /* Release */ = {
			isa = XCBuildConfiguration;
			buildSettings = {
				ASSETCATALOG_COMPILER_APPICON_NAME = AppIcon;
				ASSETCATALOG_COMPILER_GLOBAL_ACCENT_COLOR_NAME = AccentColor;
				CODE_SIGN_STYLE = Automatic;
				CURRENT_PROJECT_VERSION = 1;
				DEVELOPMENT_ASSET_PATHS = "\"AssignmentWeekOne/Preview Content\"";
				DEVELOPMENT_TEAM = T4NMHPF637;
				ENABLE_PREVIEWS = YES;
				GENERATE_INFOPLIST_FILE = YES;
				INFOPLIST_FILE = AssignmentWeekOne/Info.plist;
				INFOPLIST_KEY_UIApplicationSceneManifest_Generation = YES;
				INFOPLIST_KEY_UIApplicationSupportsIndirectInputEvents = YES;
				INFOPLIST_KEY_UILaunchStoryboardName = "Launch Screen";
				INFOPLIST_KEY_UISupportedInterfaceOrientations_iPad = "UIInterfaceOrientationPortrait UIInterfaceOrientationPortraitUpsideDown UIInterfaceOrientationLandscapeLeft UIInterfaceOrientationLandscapeRight";
				INFOPLIST_KEY_UISupportedInterfaceOrientations_iPhone = "UIInterfaceOrientationPortrait UIInterfaceOrientationLandscapeLeft UIInterfaceOrientationLandscapeRight";
				IPHONEOS_DEPLOYMENT_TARGET = 15.0;
				LD_RUNPATH_SEARCH_PATHS = (
					"$(inherited)",
					"@executable_path/Frameworks",
				);
				MARKETING_VERSION = 1.0;
				PRODUCT_BUNDLE_IDENTIFIER = "com.orcircle.SwiftUI-Learn";
				PRODUCT_NAME = "$(TARGET_NAME)";
				SWIFT_EMIT_LOC_STRINGS = YES;
				SWIFT_VERSION = 5.0;
				TARGETED_DEVICE_FAMILY = "1,2";
			};
			name = Release;
		};
		69C193D028D41AB500F3E746 /* Debug */ = {
			isa = XCBuildConfiguration;
			buildSettings = {
				ALWAYS_EMBED_SWIFT_STANDARD_LIBRARIES = YES;
				BUNDLE_LOADER = "$(TEST_HOST)";
				CODE_SIGN_STYLE = Automatic;
				CURRENT_PROJECT_VERSION = 1;
				DEVELOPMENT_TEAM = T4NMHPF637;
				GENERATE_INFOPLIST_FILE = YES;
				IPHONEOS_DEPLOYMENT_TARGET = 15.5;
				MARKETING_VERSION = 1.0;
				PRODUCT_BUNDLE_IDENTIFIER = com.orcircle.AssignmentWeekOneTests;
				PRODUCT_NAME = "$(TARGET_NAME)";
				SWIFT_EMIT_LOC_STRINGS = NO;
				SWIFT_VERSION = 5.0;
				TARGETED_DEVICE_FAMILY = "1,2";
				TEST_HOST = "$(BUILT_PRODUCTS_DIR)/AssignmentWeekOne.app/AssignmentWeekOne";
			};
			name = Debug;
		};
		69C193D128D41AB500F3E746 /* Release */ = {
			isa = XCBuildConfiguration;
			buildSettings = {
				ALWAYS_EMBED_SWIFT_STANDARD_LIBRARIES = YES;
				BUNDLE_LOADER = "$(TEST_HOST)";
				CODE_SIGN_STYLE = Automatic;
				CURRENT_PROJECT_VERSION = 1;
				DEVELOPMENT_TEAM = T4NMHPF637;
				GENERATE_INFOPLIST_FILE = YES;
				IPHONEOS_DEPLOYMENT_TARGET = 15.5;
				MARKETING_VERSION = 1.0;
				PRODUCT_BUNDLE_IDENTIFIER = com.orcircle.AssignmentWeekOneTests;
				PRODUCT_NAME = "$(TARGET_NAME)";
				SWIFT_EMIT_LOC_STRINGS = NO;
				SWIFT_VERSION = 5.0;
				TARGETED_DEVICE_FAMILY = "1,2";
				TEST_HOST = "$(BUILT_PRODUCTS_DIR)/AssignmentWeekOne.app/AssignmentWeekOne";
			};
			name = Release;
		};
		69C193D328D41AB500F3E746 /* Debug */ = {
			isa = XCBuildConfiguration;
			buildSettings = {
				ALWAYS_EMBED_SWIFT_STANDARD_LIBRARIES = YES;
				CODE_SIGN_STYLE = Automatic;
				CURRENT_PROJECT_VERSION = 1;
				DEVELOPMENT_TEAM = T4NMHPF637;
				GENERATE_INFOPLIST_FILE = YES;
				MARKETING_VERSION = 1.0;
				PRODUCT_BUNDLE_IDENTIFIER = com.orcircle.AssignmentWeekOneUITests;
				PRODUCT_NAME = "$(TARGET_NAME)";
				SWIFT_EMIT_LOC_STRINGS = NO;
				SWIFT_VERSION = 5.0;
				TARGETED_DEVICE_FAMILY = "1,2";
				TEST_TARGET_NAME = AssignmentWeekOne;
			};
			name = Debug;
		};
		69C193D428D41AB500F3E746 /* Release */ = {
			isa = XCBuildConfiguration;
			buildSettings = {
				ALWAYS_EMBED_SWIFT_STANDARD_LIBRARIES = YES;
				CODE_SIGN_STYLE = Automatic;
				CURRENT_PROJECT_VERSION = 1;
				DEVELOPMENT_TEAM = T4NMHPF637;
				GENERATE_INFOPLIST_FILE = YES;
				MARKETING_VERSION = 1.0;
				PRODUCT_BUNDLE_IDENTIFIER = com.orcircle.AssignmentWeekOneUITests;
				PRODUCT_NAME = "$(TARGET_NAME)";
				SWIFT_EMIT_LOC_STRINGS = NO;
				SWIFT_VERSION = 5.0;
				TARGETED_DEVICE_FAMILY = "1,2";
				TEST_TARGET_NAME = AssignmentWeekOne;
			};
			name = Release;
		};
/* End XCBuildConfiguration section */

/* Begin XCConfigurationList section */
		69C193A328D41AB200F3E746 /* Build configuration list for PBXProject "AssignmentWeekOne" */ = {
			isa = XCConfigurationList;
			buildConfigurations = (
				69C193CA28D41AB500F3E746 /* Debug */,
				69C193CB28D41AB500F3E746 /* Release */,
			);
			defaultConfigurationIsVisible = 0;
			defaultConfigurationName = Release;
		};
		69C193CC28D41AB500F3E746 /* Build configuration list for PBXNativeTarget "AssignmentWeekOne" */ = {
			isa = XCConfigurationList;
			buildConfigurations = (
				69C193CD28D41AB500F3E746 /* Debug */,
				69C193CE28D41AB500F3E746 /* Release */,
			);
			defaultConfigurationIsVisible = 0;
			defaultConfigurationName = Release;
		};
		69C193CF28D41AB500F3E746 /* Build configuration list for PBXNativeTarget "AssignmentWeekOneTests" */ = {
			isa = XCConfigurationList;
			buildConfigurations = (
				69C193D028D41AB500F3E746 /* Debug */,
				69C193D128D41AB500F3E746 /* Release */,
			);
			defaultConfigurationIsVisible = 0;
			defaultConfigurationName = Release;
		};
		69C193D228D41AB500F3E746 /* Build configuration list for PBXNativeTarget "AssignmentWeekOneUITests" */ = {
			isa = XCConfigurationList;
			buildConfigurations = (
				69C193D328D41AB500F3E746 /* Debug */,
				69C193D428D41AB500F3E746 /* Release */,
			);
			defaultConfigurationIsVisible = 0;
			defaultConfigurationName = Release;
		};
/* End XCConfigurationList section */
	};
	rootObject = 69C193A028D41AB200F3E746 /* Project object */;
}
